
Microsoft Visual Studio Solution File, Format Version 12.00
# Visual Studio Version 17
VisualStudioVersion = 17.3.32929.385
MinimumVisualStudioVersion = 10.0.40219.1
Project("{FAE04EC0-301F-11D3-BF4B-00C04F79EFBC}") = "CuteCat", "CuteCat.csproj", "{DF348185-C8B5-407F-A918-AA5B749D5391}"
EndProject
Global
	GlobalSection(SolutionConfigurationPlatforms) = preSolution
		Debug|Any CPU = Debug|Any CPU
		Release|Any CPU = Release|Any CPU
	EndGlobalSection
	GlobalSection(ProjectConfigurationPlatforms) = postSolution
		{DF348185-C8B5-407F-A918-AA5B749D5391}.Debug|Any CPU.ActiveCfg = Debug|Any CPU
		{DF348185-C8B5-407F-A918-AA5B749D5391}.Debug|Any CPU.Build.0 = Debug|Any CPU
		{DF348185-C8B5-407F-A918-AA5B749D5391}.Release|Any CPU.ActiveCfg = Release|Any CPU
		{DF348185-C8B5-407F-A918-AA5B749D5391}.Release|Any CPU.Build.0 = Release|Any CPU
	EndGlobalSection
	GlobalSection(SolutionProperties) = preSolution
		HideSolutionNode = FALSE
	EndGlobalSection
	GlobalSection(ExtensibilityGlobals) = postSolution
		SolutionGuid = {B3477B3E-04D0-496A-8365-D7AE46B0CEAF}
	EndGlobalSection
EndGlobal
